
Microsoft Visual Studio Solution File, Format Version 12.00
# Visual Studio Version 17
VisualStudioVersion = 17.7.34031.279
MinimumVisualStudioVersion = 10.0.40219.1
Project("{FAE04EC0-301F-11D3-BF4B-00C04F79EFBC}") = "TiposDeValidacoes.Api", "TiposDeValidacoes.Api\TiposDeValidacoes.Api.csproj", "{FE4523CC-8086-4DD2-8E2B-23F915B40E03}"
EndProject
Project("{FAE04EC0-301F-11D3-BF4B-00C04F79EFBC}") = "TiposDeValidacoes.UnitTests", "TiposDeValidacoes.UnitTests\TiposDeValidacoes.UnitTests.csproj", "{99540713-6CFE-445F-A1CD-4426E321411B}"
EndProject
Project("{FAE04EC0-301F-11D3-BF4B-00C04F79EFBC}") = "ValidationBenchmark", "ValidationBenchmark\ValidationBenchmark.csproj", "{C3F6F19C-C77F-4BB2-A388-A3A0CE70CDD1}"
EndProject
Global
	GlobalSection(SolutionConfigurationPlatforms) = preSolution
		Debug|Any CPU = Debug|Any CPU
		Release|Any CPU = Release|Any CPU
	EndGlobalSection
	GlobalSection(ProjectConfigurationPlatforms) = postSolution
		{FE4523CC-8086-4DD2-8E2B-23F915B40E03}.Debug|Any CPU.ActiveCfg = Debug|Any CPU
		{FE4523CC-8086-4DD2-8E2B-23F915B40E03}.Debug|Any CPU.Build.0 = Debug|Any CPU
		{FE4523CC-8086-4DD2-8E2B-23F915B40E03}.Release|Any CPU.ActiveCfg = Release|Any CPU
		{FE4523CC-8086-4DD2-8E2B-23F915B40E03}.Release|Any CPU.Build.0 = Release|Any CPU
		{99540713-6CFE-445F-A1CD-4426E321411B}.Debug|Any CPU.ActiveCfg = Debug|Any CPU
		{99540713-6CFE-445F-A1CD-4426E321411B}.Debug|Any CPU.Build.0 = Debug|Any CPU
		{99540713-6CFE-445F-A1CD-4426E321411B}.Release|Any CPU.ActiveCfg = Release|Any CPU
		{99540713-6CFE-445F-A1CD-4426E321411B}.Release|Any CPU.Build.0 = Release|Any CPU
		{C3F6F19C-C77F-4BB2-A388-A3A0CE70CDD1}.Debug|Any CPU.ActiveCfg = Debug|Any CPU
		{C3F6F19C-C77F-4BB2-A388-A3A0CE70CDD1}.Debug|Any CPU.Build.0 = Debug|Any CPU
		{C3F6F19C-C77F-4BB2-A388-A3A0CE70CDD1}.Release|Any CPU.ActiveCfg = Release|Any CPU
		{C3F6F19C-C77F-4BB2-A388-A3A0CE70CDD1}.Release|Any CPU.Build.0 = Release|Any CPU
	EndGlobalSection
	GlobalSection(SolutionProperties) = preSolution
		HideSolutionNode = FALSE
	EndGlobalSection
	GlobalSection(ExtensibilityGlobals) = postSolution
		SolutionGuid = {DF09E1A4-B626-4355-A7D2-9BF7F1F9EA4A}
	EndGlobalSection
EndGlobal
